name: Codex Province Access Migration

on:
  push:
    branches:
      - codex/remove-province-unlock

permissions:
  contents: write

jobs:
  migrate:
    if: github.actor != 'github-actions[bot]'
    runs-on: ubuntu-latest
    timeout-minutes: 20
    steps:
      - name: Checkout code
        uses: actions/checkout@v4
        with:
          fetch-depth: 0

      - name: Setup Node
        uses: actions/setup-node@v4
        with:
          node-version: 24.4.0
          cache: npm

      - name: Extract and apply migration
        shell: bash
        run: |
          awk '
            /^[[:space:]]*python3 - <<'"'"'PY'"'"'$/ { capture=1; next }
            capture && /^[[:space:]]*PY$/ { exit }
            capture { sub(/^          /, ""); print }
          ' scripts/codex-remove-province-unlock.workflow.txt > /tmp/province-access-migration.py
          python3 - <<'PY'
          from pathlib import Path
          path = Path('/tmp/province-access-migration.py')
          text = path.read_text(encoding='utf-8')
          text = text.replace(
              "replace_once('src/pages/ProvincePage.tsx', old_buildings, new_buildings)",
              "replace_regex_once('src/pages/ProvincePage.tsx', r\"\\s*[{]activeSection === 'buildings' [?] [(]\\n.*?\\n\\s*[)] : null[}]\", new_buildings)",
          )
          text = text.replace(
              "replace_once('src/pages/ProvincePage.tsx', old_warehouse, new_warehouse)",
              "replace_regex_once('src/pages/ProvincePage.tsx', r\"\\s*[{]activeSection === 'warehouse' [?] [(]\\n.*?\\n\\s*[)] : null[}]\", new_warehouse)",
          )
          path.write_text(text, encoding='utf-8')
          PY
          python3 /tmp/province-access-migration.py

      - name: Install dependencies
        run: npm ci

      - name: Verify focused province access rules
        run: |
          node --test server/test/province-access.test.js
          node scripts/verify-provincial-unlock-transport.mjs
          node scripts/verify-provincial-economy.mjs
          node scripts/verify-game-shell-layout.mjs
          node scripts/verify-local-game-preview.mjs
          node scripts/verify-page-content.mjs
          node scripts/verify-primary-surface-insets.mjs
          npm run build
          git diff --check

      - name: Commit implementation
        shell: bash
        run: |
          git config user.name github-actions[bot]
          git config user.email 41898282+github-actions[bot]@users.noreply.github.com
          git add -A ':!.github/workflows/codex-remove-province-unlock.yml' ':!scripts/codex-remove-province-unlock.workflow.txt'
          if git diff --cached --quiet; then
            echo 'No implementation changes to commit.'
            exit 1
          fi
          git commit -m '取消地区解锁与起始州选择'
          git push origin HEAD:codex/remove-province-unlock
