name: Codex Province Access Migration

on:
  push:
    branches:
      - codex/remove-province-unlock

permissions:
  contents: write

jobs:
  migrate:
    if: github.actor != 'github-actions[bot]'
    runs-on: ubuntu-latest
    timeout-minutes: 20
    steps:
      - name: Checkout code
        uses: actions/checkout@v4
        with:
          fetch-depth: 0

      - name: Setup Node
        uses: actions/setup-node@v4
        with:
          node-version: 24.4.0
          cache: npm

      - name: Extract and apply migration
        shell: bash
        run: |
          awk '
            /^[[:space:]]*python3 - <<'"'"'PY'"'"'$/ { capture=1; next }
            capture && /^[[:space:]]*PY$/ { exit }
            capture { sub(/^          /, ""); print }
          ' scripts/codex-remove-province-unlock.workflow.txt > /tmp/province-access-migration.py
          python3 - <<'PY'
          from pathlib import Path
          path = Path('/tmp/province-access-migration.py')
          text = path.read_text(encoding='utf-8')
          text = text.replace(
              "replace_once('src/pages/ProvincePage.tsx', old_buildings, new_buildings)",
              "replace_regex_once('src/pages/ProvincePage.tsx', r\"\\s*[{]activeSection === 'buildings' [?] [(]\\n.*?\\n\\s*[)] : null[}]\", new_buildings)",
          )
          text = text.replace(
              "replace_once('src/pages/ProvincePage.tsx', old_warehouse, new_warehouse)",
              "replace_regex_once('src/pages/ProvincePage.tsx', r\"\\s*[{]activeSection === 'warehouse' [?] [(]\\n.*?\\n\\s*[)] : null[}]\", new_warehouse)",
          )
          path.write_text(text, encoding='utf-8')
          PY
          python3 /tmp/province-access-migration.py
          python3 - <<'PY'
          from pathlib import Path
          import re

          def replace_once(path, old, new):
              file = Path(path)
              text = file.read_text(encoding='utf-8')
              if text.count(old) != 1:
                  raise SystemExit(f'{path}: expected exactly one legacy fragment: {old[:100]}')
              file.write_text(text.replace(old, new, 1), encoding='utf-8')

          replace_once(
              'scripts/verify-provincial-unlock-transport.mjs',
              "requireText(provincePage, 'model.unlockProvince(provinceId)', '州页解锁按钮必须调用解锁动作。');",
              "forbidText(provincePage, 'model.unlockProvince(', '州页不得恢复地区解锁动作。');",
          )

          for path in ['scripts/verify-provincial-economy.mjs', 'scripts/verify-page-content.mjs']:
              replace_once(
                  path,
                  '<EmbeddedMarketPage model={model} embedded readOnly={!isUnlocked} />',
                  '<EmbeddedMarketPage model={model} embedded readOnly={false} />',
              )

          replace_once(
              'scripts/verify-market-page-layout.mjs',
              "requireText('src/pages/ProvincePage.tsx', '<EmbeddedMarketPage model={model} embedded readOnly={!isUnlocked} />', '州级上下文必须继续复用地区 MarketPage，并允许锁定州只读查看。');",
              "requireText('src/pages/ProvincePage.tsx', '<EmbeddedMarketPage model={model} embedded readOnly={false} />', '州级上下文必须继续复用地区 MarketPage，并保持连续 48 州正常交易。');",
          )
          replace_once(
              'scripts/verify-game-shell-layout.mjs',
              "  'unlockedProvinceIds={startingProvincePicking',",
              "  'unlockedProvinceIds={state.provinces.map((province) => province.id)}',",
          )

          page_verifier = Path('scripts/verify-page-content.mjs')
          text = page_verifier.read_text(encoding='utf-8')
          for old, new in [
              ('概览无论解锁状态都显示官方常住人口', '概览始终显示官方常住人口'),
              ('市场无论解锁状态都允许查看商品目录、行情和订单簿', '市场按正常市场规则提供目录、行情、订单簿和写操作'),
              ('建筑与仓库只有已解锁州才显示经营内容', '建筑与仓库直接显示本地经营内容'),
              ('一级市场商品的地区行情列表与一级建筑工厂的地区列表只允许出现当前玩家已解锁州', '一级市场商品的地区行情列表与一级建筑工厂的地区列表覆盖连续 48 州'),
          ]:
              if text.count(old) != 1:
                  raise SystemExit(f'页面内容 verifier 旧地区访问断言数量异常: {old}')
              text = text.replace(old, new, 1)
          old_required = """  'label=\"常住人口\"',
  'section=\"buildings\"',
  'section=\"warehouse\"',
  '建筑功能未解锁',
  '仓库功能未解锁',
"""
          new_required = """  'label=\"常住人口\"',
  '<WarehouseInventoryPanel',
  'className=\"province-warehouse-section\"',
"""
          if text.count(old_required) != 1:
              raise SystemExit('页面内容 verifier 旧解锁区块断言数量异常')
          text = text.replace(old_required, new_required, 1)
          old_forbid = """for (const text of [
  '该州尚未解锁，解锁后可以使用市场、工厂与仓库经营功能。',
  '<WidgetHeading title=\"州级地区未解锁\"',
]) forbidText('src/pages/ProvincePage.tsx', text);"""
          new_forbid = """for (const text of [
  '该州尚未解锁，解锁后可以使用市场、工厂与仓库经营功能。',
  '<WidgetHeading title=\"州级地区未解锁\"',
  'section=\"buildings\"',
  'section=\"warehouse\"',
  '建筑功能未解锁',
  '仓库功能未解锁',
  'ProvinceUnlockPanel',
  'province-unlock-button',
]) forbidText('src/pages/ProvincePage.tsx', text);"""
          if text.count(old_forbid) != 1:
              raise SystemExit('页面内容 verifier 锁定州 forbid 区块数量异常')
          page_verifier.write_text(text.replace(old_forbid, new_forbid, 1), encoding='utf-8')

          page_design = Path('docs/PAGE_CONTENT_AND_NAVIGATION_DESIGN.md')
          text = page_design.read_text(encoding='utf-8')
          old = '未解锁州灰显，桌面 Tooltip 标注“未解锁”，点击后仍进入州级上下文页展示解锁面板；起始州选点模式则按上段专用语义只更新候选。'
          new = '连续 48 州均使用正常镜头底色，桌面 Tooltip 只展示本地经营摘要，不显示“未解锁”访问状态；点击任一州都直接进入该州级经营上下文。'
          if text.count(old) != 1:
              raise SystemExit('页面设计中的地图锁定州规则数量异常')
          page_design.write_text(text.replace(old, new, 1), encoding='utf-8')

          ui_design = Path('docs/UI_DESIGN_SYSTEM.md')
          text = ui_design.read_text(encoding='utf-8')
          text, count = re.subn(r'和未解锁状态决定', '决定', text)
          if count < 1:
              raise SystemExit('UI 设计缺少地图未解锁状态规则')
          text = text.replace('未解锁州始终保持灰显底色，悬浮其他州不得清除选中州。', '连续 48 州都保持对应镜头的正常底色，悬浮其他州不得清除选中州。')
          text = text.replace('未解锁州明确标注“未解锁”', '所有州都展示正常本地经营摘要，不显示“未解锁”访问状态')
          text, count = re.subn(
              r'默认州面、未解锁州面、州界与州名分别读取 `--color-map-region-default`、`--color-map-region-locked`、`--color-map-region-border` 与 `--color-map-label`。',
              '默认州面、州界与州名分别读取 `--color-map-region-default`、`--color-map-region-border` 与 `--color-map-label`；`--color-map-region-locked` 只保留旧主题兼容，不得用于州级访问状态。',
              text,
          )
          if count != 1:
              raise SystemExit('UI 设计中的地图锁定色规则数量异常')
          ui_design.write_text(text, encoding='utf-8')

          liquid_design = Path('docs/LIQUID_GLASS_CHROME_DESIGN.md')
          text = liquid_design.read_text(encoding='utf-8')
          text = text.replace('和未解锁状态决定', '决定')
          text = text.replace('未解锁州在任何交互状态下继续保持灰显底色；', '连续 48 州在任何交互状态下都保持对应镜头的正常底色；')
          liquid_design.write_text(text, encoding='utf-8')
          PY

      - name: Install dependencies
        run: npm ci

      - name: Verify focused province access rules
        run: |
          node --test server/test/province-access.test.js
          node scripts/verify-provincial-unlock-transport.mjs
          node scripts/verify-provincial-economy.mjs
          node scripts/verify-game-shell-layout.mjs
          npm run verify:local-preview
          node scripts/verify-page-content.mjs
          node scripts/verify-primary-surface-insets.mjs
          node scripts/verify-market-page-layout.mjs
          npm run build
          git diff --check

      - name: Commit implementation
        shell: bash
        run: |
          git config user.name github-actions[bot]
          git config user.email 41898282+github-actions[bot]@users.noreply.github.com
          git add -A ':!.github/workflows/codex-remove-province-unlock.yml' ':!scripts/codex-remove-province-unlock.workflow.txt'
          if git diff --cached --quiet; then
            echo 'No implementation changes to commit.'
            exit 1
          fi
          git commit -m '取消地区解锁与起始州选择'
          git push origin HEAD:codex/remove-province-unlock
